
Microsoft Visual Studio Solution File, Format Version 12.00
# Visual Studio Version 16
VisualStudioVersion = 16.0.31702.278
MinimumVisualStudioVersion = 10.0.40219.1
Project("{9A19103F-16F7-4668-BE54-9A1E7A4F7556}") = "SolarCalculator", "SolarCalculator/SolarCalculator.csproj", "{0AE01540-AEE2-4714-95F8-052B923046F5}"
EndProject
Project("{E53339B2-1760-4266-BCC7-CA923CBCF16C}") = "docker-compose", "docker/docker-compose.dcproj", "{FE2597FE-EEBD-422C-B68C-2FAE00C5707A}"
EndProject
Global
	GlobalSection(SolutionConfigurationPlatforms) = preSolution
		Debug|Any CPU = Debug|Any CPU
		Release|Any CPU = Release|Any CPU
	EndGlobalSection
	GlobalSection(ProjectConfigurationPlatforms) = postSolution
		{0AE01540-AEE2-4714-95F8-052B923046F5}.Debug|Any CPU.ActiveCfg = Debug|Any CPU
		{0AE01540-AEE2-4714-95F8-052B923046F5}.Debug|Any CPU.Build.0 = Debug|Any CPU
		{0AE01540-AEE2-4714-95F8-052B923046F5}.Release|Any CPU.ActiveCfg = Release|Any CPU
		{0AE01540-AEE2-4714-95F8-052B923046F5}.Release|Any CPU.Build.0 = Release|Any CPU
		{FE2597FE-EEBD-422C-B68C-2FAE00C5707A}.Debug|Any CPU.ActiveCfg = Debug|Any CPU
		{FE2597FE-EEBD-422C-B68C-2FAE00C5707A}.Debug|Any CPU.Build.0 = Debug|Any CPU
		{FE2597FE-EEBD-422C-B68C-2FAE00C5707A}.Release|Any CPU.ActiveCfg = Release|Any CPU
		{FE2597FE-EEBD-422C-B68C-2FAE00C5707A}.Release|Any CPU.Build.0 = Release|Any CPU
	EndGlobalSection
	GlobalSection(SolutionProperties) = preSolution
		HideSolutionNode = FALSE
	EndGlobalSection
	GlobalSection(ExtensibilityGlobals) = postSolution
		SolutionGuid = {CCAFF278-582D-4D10-806A-F88EE6653C8F}
	EndGlobalSection
EndGlobal
